
Microsoft Visual Studio Solution File, Format Version 12.00
# Visual Studio Version 16
VisualStudioVersion = 16.0.32002.261
MinimumVisualStudioVersion = 10.0.40219.1
Project("{FAE04EC0-301F-11D3-BF4B-00C04F79EFBC}") = "WSR2", "WSR2\WSR2.csproj", "{79F7AE70-6107-44E8-B811-4EC760298738}"
EndProject
Global
	GlobalSection(SolutionConfigurationPlatforms) = preSolution
		Debug|Any CPU = Debug|Any CPU
		Release|Any CPU = Release|Any CPU
	EndGlobalSection
	GlobalSection(ProjectConfigurationPlatforms) = postSolution
		{79F7AE70-6107-44E8-B811-4EC760298738}.Debug|Any CPU.ActiveCfg = Debug|Any CPU
		{79F7AE70-6107-44E8-B811-4EC760298738}.Debug|Any CPU.Build.0 = Debug|Any CPU
		{79F7AE70-6107-44E8-B811-4EC760298738}.Release|Any CPU.ActiveCfg = Release|Any CPU
		{79F7AE70-6107-44E8-B811-4EC760298738}.Release|Any CPU.Build.0 = Release|Any CPU
	EndGlobalSection
	GlobalSection(SolutionProperties) = preSolution
		HideSolutionNode = FALSE
	EndGlobalSection
	GlobalSection(ExtensibilityGlobals) = postSolution
		SolutionGuid = {1AF267AA-A953-486F-B2DD-7B83FA07617B}
	EndGlobalSection
EndGlobal
